{
  "version": 4,
  "terraform_version": "1.13.2",
  "serial": 4,
  "lineage": "1dc9762b-42bc-ef52-bad0-a70763577126",
  "outputs": {},
  "resources": [
    {
      "mode": "managed",
      "type": "aws_cloudwatch_log_group",
      "name": "node_logs",
      "provider": "provider[\"registry.terraform.io/hashicorp/aws\"]",
      "instances": [
        {
          "schema_version": 0,
          "attributes": {
            "arn": "arn:aws:logs:ap-south-1:949449004484:log-group:/ecs/nodejs-devops",
            "deletion_protection_enabled": false,
            "id": "/ecs/nodejs-devops",
            "kms_key_id": "",
            "log_group_class": "STANDARD",
            "name": "/ecs/nodejs-devops",
            "name_prefix": "",
            "region": "ap-south-1",
            "retention_in_days": 0,
            "skip_destroy": false,
            "tags": null,
            "tags_all": {}
          },
          "sensitive_attributes": [],
          "identity_schema_version": 0,
          "identity": {
            "account_id": "949449004484",
            "name": "/ecs/nodejs-devops",
            "region": "ap-south-1"
          },
          "private": "bnVsbA=="
        }
      ]
    },
    {
      "mode": "managed",
      "type": "aws_ecs_cluster",
      "name": "main",
      "provider": "provider[\"registry.terraform.io/hashicorp/aws\"]",
      "instances": [
        {
          "schema_version": 0,
          "attributes": {
            "arn": "arn:aws:ecs:ap-south-1:949449004484:cluster/nodejs-cluster",
            "configuration": [],
            "id": "arn:aws:ecs:ap-south-1:949449004484:cluster/nodejs-cluster",
            "name": "nodejs-cluster",
            "region": "ap-south-1",
            "service_connect_defaults": [],
            "setting": [
              {
                "name": "containerInsights",
                "value": "disabled"
              }
            ],
            "tags": null,
            "tags_all": {}
          },
          "sensitive_attributes": [],
          "identity_schema_version": 0,
          "private": "bnVsbA=="
        }
      ]
    }
  ],
  "check_results": null
}
